
Microsoft Visual Studio Solution File, Format Version 12.00
# Visual Studio Version 17
VisualStudioVersion = 17.6.33723.286
MinimumVisualStudioVersion = 10.0.40219.1
Project("{8BC9CEB8-8B4A-11D0-8D11-00A0C91BC942}") = "Scheimpflug2", "Scheimpflug2.vcxproj", "{C555B9E7-1A8B-441E-9AAE-BCC86D2A161A}"
EndProject
Global
	GlobalSection(SolutionConfigurationPlatforms) = preSolution
		Debug|x64 = Debug|x64
		Debug|x86 = Debug|x86
		Release|x64 = Release|x64
		Release|x86 = Release|x86
	EndGlobalSection
	GlobalSection(ProjectConfigurationPlatforms) = postSolution
		{C555B9E7-1A8B-441E-9AAE-BCC86D2A161A}.Debug|x64.ActiveCfg = Debug|x64
		{C555B9E7-1A8B-441E-9AAE-BCC86D2A161A}.Debug|x64.Build.0 = Debug|x64
		{C555B9E7-1A8B-441E-9AAE-BCC86D2A161A}.Debug|x86.ActiveCfg = Debug|Win32
		{C555B9E7-1A8B-441E-9AAE-BCC86D2A161A}.Debug|x86.Build.0 = Debug|Win32
		{C555B9E7-1A8B-441E-9AAE-BCC86D2A161A}.Release|x64.ActiveCfg = Release|x64
		{C555B9E7-1A8B-441E-9AAE-BCC86D2A161A}.Release|x64.Build.0 = Release|x64
		{C555B9E7-1A8B-441E-9AAE-BCC86D2A161A}.Release|x86.ActiveCfg = Release|Win32
		{C555B9E7-1A8B-441E-9AAE-BCC86D2A161A}.Release|x86.Build.0 = Release|Win32
	EndGlobalSection
	GlobalSection(SolutionProperties) = preSolution
		HideSolutionNode = FALSE
	EndGlobalSection
	GlobalSection(ExtensibilityGlobals) = postSolution
		SolutionGuid = {80EA4FB9-6ED4-470B-9DE1-E223CB302A0A}
	EndGlobalSection
EndGlobal
